// !$*UTF8*$!
{
	archiveVersion = 1;
	classes = {
	};
	objectVersion = 46;
	objects = {

/* Begin PBXBuildFile section */
		1819FE191DFC583B005D34F9 /* res in CopyFiles */ = {isa = PBXBuildFile; fileRef = 18FFFDC01DFC58280067C7BE /* res */; };
		1819FE8F1DFC5AEA005D34F9 /* etc1_utils.c in Sources */ = {isa = PBXBuildFile; fileRef = 1819FE7A1DFC5AEA005D34F9 /* etc1_utils.c */; };
		1819FE901DFC5AEA005D34F9 /* image_DXT.c in Sources */ = {isa = PBXBuildFile; fileRef = 1819FE7C1DFC5AEA005D34F9 /* image_DXT.c */; };
		1819FE911DFC5AEA005D34F9 /* image_helper.c in Sources */ = {isa = PBXBuildFile; fileRef = 1819FE7E1DFC5AEA005D34F9 /* image_helper.c */; };
		1819FE921DFC5AEA005D34F9 /* SOIL2.c in Sources */ = {isa = PBXBuildFile; fileRef = 1819FE831DFC5AEA005D34F9 /* SOIL2.c */; };
		189EF5301DFF34B200D648E6 /* libassimp.3.3.1.dylib in Frameworks */ = {isa = PBXBuildFile; fileRef = 189EF52F1DFF34B200D648E6 /* libassimp.3.3.1.dylib */; };
		18FFFDA21DFA96E50067C7BE /* main.cpp in Sources */ = {isa = PBXBuildFile; fileRef = 18FFFDA11DFA96E50067C7BE /* main.cpp */; };
		18FFFDAA1DFA979A0067C7BE /* OpenGL.framework in Frameworks */ = {isa = PBXBuildFile; fileRef = 18FFFDA91DFA979A0067C7BE /* OpenGL.framework */; };
		18FFFDAC1DFA982F0067C7BE /* libGLEW.2.0.0.dylib in Frameworks */ = {isa = PBXBuildFile; fileRef = 18FFFDAB1DFA982F0067C7BE /* libGLEW.2.0.0.dylib */; };
		18FFFDAE1DFA98590067C7BE /* libglfw3.3.2.dylib in Frameworks */ = {isa = PBXBuildFile; fileRef = 18FFFDAD1DFA98590067C7BE /* libglfw3.3.2.dylib */; };
/* End PBXBuildFile section */

/* Begin PBXCopyFilesBuildPhase section */
		18FFFD9C1DFA96E50067C7BE /* CopyFiles */ = {
			isa = PBXCopyFilesBuildPhase;
			buildActionMask = 12;
			dstPath = "";
			dstSubfolderSpec = 16;
			files = (
			);
			runOnlyForDeploymentPostprocessing = 0;
		};
		18FFFDB31DFBFF240067C7BE /* CopyFiles */ = {
			isa = PBXCopyFilesBuildPhase;
			buildActionMask = 2147483647;
			dstPath = "";
			dstSubfolderSpec = 7;
			files = (
				1819FE191DFC583B005D34F9 /* res in CopyFiles */,
			);
			runOnlyForDeploymentPostprocessing = 0;
		};
/* End PBXCopyFilesBuildPhase section */

/* Begin PBXFileReference section */
		1819FE7A1DFC5AEA005D34F9 /* etc1_utils.c */ = {isa = PBXFileReference; fileEncoding = 4; lastKnownFileType = sourcecode.c.c; path = etc1_utils.c; sourceTree = "<group>"; };
		1819FE7B1DFC5AEA005D34F9 /* etc1_utils.h */ = {isa = PBXFileReference; fileEncoding = 4; lastKnownFileType = sourcecode.c.h; path = etc1_utils.h; sourceTree = "<group>"; };
		1819FE7C1DFC5AEA005D34F9 /* image_DXT.c */ = {isa = PBXFileReference; fileEncoding = 4; lastKnownFileType = sourcecode.c.c; path = image_DXT.c; sourceTree = "<group>"; };
		1819FE7D1DFC5AEA005D34F9 /* image_DXT.h */ = {isa = PBXFileReference; fileEncoding = 4; lastKnownFileType = sourcecode.c.h; path = image_DXT.h; sourceTree = "<group>"; };
		1819FE7E1DFC5AEA005D34F9 /* image_helper.c */ = {isa = PBXFileReference; fileEncoding = 4; lastKnownFileType = sourcecode.c.c; path = image_helper.c; sourceTree = "<group>"; };
		1819FE7F1DFC5AEA005D34F9 /* image_helper.h */ = {isa = PBXFileReference; fileEncoding = 4; lastKnownFileType = sourcecode.c.h; path = image_helper.h; sourceTree = "<group>"; };
		1819FE801DFC5AEA005D34F9 /* jo_jpeg.h */ = {isa = PBXFileReference; fileEncoding = 4; lastKnownFileType = sourcecode.c.h; path = jo_jpeg.h; sourceTree = "<group>"; };
		1819FE811DFC5AEA005D34F9 /* pkm_helper.h */ = {isa = PBXFileReference; fileEncoding = 4; lastKnownFileType = sourcecode.c.h; path = pkm_helper.h; sourceTree = "<group>"; };
		1819FE821DFC5AEA005D34F9 /* pvr_helper.h */ = {isa = PBXFileReference; fileEncoding = 4; lastKnownFileType = sourcecode.c.h; path = pvr_helper.h; sourceTree = "<group>"; };
		1819FE831DFC5AEA005D34F9 /* SOIL2.c */ = {isa = PBXFileReference; fileEncoding = 4; lastKnownFileType = sourcecode.c.c; path = SOIL2.c; sourceTree = "<group>"; };
		1819FE841DFC5AEA005D34F9 /* SOIL2.h */ = {isa = PBXFileReference; fileEncoding = 4; lastKnownFileType = sourcecode.c.h; path = SOIL2.h; sourceTree = "<group>"; };
		1819FE851DFC5AEA005D34F9 /* stb_image.h */ = {isa = PBXFileReference; fileEncoding = 4; lastKnownFileType = sourcecode.c.h; path = stb_image.h; sourceTree = "<group>"; };
		1819FE861DFC5AEA005D34F9 /* stb_image_write.h */ = {isa = PBXFileReference; fileEncoding = 4; lastKnownFileType = sourcecode.c.h; path = stb_image_write.h; sourceTree = "<group>"; };
		1819FE871DFC5AEA005D34F9 /* stbi_DDS.h */ = {isa = PBXFileReference; fileEncoding = 4; lastKnownFileType = sourcecode.c.h; path = stbi_DDS.h; sourceTree = "<group>"; };
		1819FE881DFC5AEA005D34F9 /* stbi_DDS_c.h */ = {isa = PBXFileReference; fileEncoding = 4; lastKnownFileType = sourcecode.c.h; path = stbi_DDS_c.h; sourceTree = "<group>"; };
		1819FE891DFC5AEA005D34F9 /* stbi_ext.h */ = {isa = PBXFileReference; fileEncoding = 4; lastKnownFileType = sourcecode.c.h; path = stbi_ext.h; sourceTree = "<group>"; };
		1819FE8A1DFC5AEA005D34F9 /* stbi_ext_c.h */ = {isa = PBXFileReference; fileEncoding = 4; lastKnownFileType = sourcecode.c.h; path = stbi_ext_c.h; sourceTree = "<group>"; };
		1819FE8B1DFC5AEA005D34F9 /* stbi_pkm.h */ = {isa = PBXFileReference; fileEncoding = 4; lastKnownFileType = sourcecode.c.h; path = stbi_pkm.h; sourceTree = "<group>"; };
		1819FE8C1DFC5AEA005D34F9 /* stbi_pkm_c.h */ = {isa = PBXFileReference; fileEncoding = 4; lastKnownFileType = sourcecode.c.h; path = stbi_pkm_c.h; sourceTree = "<group>"; };
		1819FE8D1DFC5AEA005D34F9 /* stbi_pvr.h */ = {isa = PBXFileReference; fileEncoding = 4; lastKnownFileType = sourcecode.c.h; path = stbi_pvr.h; sourceTree = "<group>"; };
		1819FE8E1DFC5AEA005D34F9 /* stbi_pvr_c.h */ = {isa = PBXFileReference; fileEncoding = 4; lastKnownFileType = sourcecode.c.h; path = stbi_pvr_c.h; sourceTree = "<group>"; };
		189EF5001DFC918500D648E6 /* Camera.h */ = {isa = PBXFileReference; fileEncoding = 4; lastKnownFileType = sourcecode.c.h; path = Camera.h; sourceTree = "<group>"; };
		189EF52E1DFF344D00D648E6 /* Mesh.h */ = {isa = PBXFileReference; fileEncoding = 4; lastKnownFileType = sourcecode.c.h; path = Mesh.h; sourceTree = "<group>"; };
		189EF52F1DFF34B200D648E6 /* libassimp.3.3.1.dylib */ = {isa = PBXFileReference; lastKnownFileType = "compiled.mach-o.dylib"; name = libassimp.3.3.1.dylib; path = ../../../../../usr/local/Cellar/assimp/3.3.1/lib/libassimp.3.3.1.dylib; sourceTree = "<group>"; };
		18FFFD9E1DFA96E50067C7BE /* solaris_1 */ = {isa = PBXFileReference; explicitFileType = "compiled.mach-o.executable"; includeInIndex = 0; path = solaris_1; sourceTree = BUILT_PRODUCTS_DIR; };
		18FFFDA11DFA96E50067C7BE /* main.cpp */ = {isa = PBXFileReference; lastKnownFileType = sourcecode.cpp.cpp; path = main.cpp; sourceTree = "<group>"; };
		18FFFDA91DFA979A0067C7BE /* OpenGL.framework */ = {isa = PBXFileReference; lastKnownFileType = wrapper.framework; name = OpenGL.framework; path = System/Library/Frameworks/OpenGL.framework; sourceTree = SDKROOT; };
		18FFFDAB1DFA982F0067C7BE /* libGLEW.2.0.0.dylib */ = {isa = PBXFileReference; lastKnownFileType = "compiled.mach-o.dylib"; name = libGLEW.2.0.0.dylib; path = ../../../../../usr/local/Cellar/glew/2.0.0/lib/libGLEW.2.0.0.dylib; sourceTree = "<group>"; };
		18FFFDAD1DFA98590067C7BE /* libglfw3.3.2.dylib */ = {isa = PBXFileReference; lastKnownFileType = "compiled.mach-o.dylib"; name = libglfw3.3.2.dylib; path = ../../../../../usr/local/Cellar/glfw/3.2.1/lib/libglfw3.3.2.dylib; sourceTree = "<group>"; };
		18FFFDB11DFBF6130067C7BE /* Shader.h */ = {isa = PBXFileReference; fileEncoding = 4; lastKnownFileType = sourcecode.c.h; path = Shader.h; sourceTree = "<group>"; };
		18FFFDC01DFC58280067C7BE /* res */ = {isa = PBXFileReference; lastKnownFileType = folder; path = res; sourceTree = "<group>"; };
/* End PBXFileReference section */

/* Begin PBXFrameworksBuildPhase section */
		18FFFD9B1DFA96E50067C7BE /* Frameworks */ = {
			isa = PBXFrameworksBuildPhase;
			buildActionMask = 2147483647;
			files = (
				189EF5301DFF34B200D648E6 /* libassimp.3.3.1.dylib in Frameworks */,
				18FFFDAE1DFA98590067C7BE /* libglfw3.3.2.dylib in Frameworks */,
				18FFFDAC1DFA982F0067C7BE /* libGLEW.2.0.0.dylib in Frameworks */,
				18FFFDAA1DFA979A0067C7BE /* OpenGL.framework in Frameworks */,
			);
			runOnlyForDeploymentPostprocessing = 0;
		};
/* End PBXFrameworksBuildPhase section */

/* Begin PBXGroup section */
		1819FE791DFC5AEA005D34F9 /* SOIL2 */ = {
			isa = PBXGroup;
			children = (
				1819FE7A1DFC5AEA005D34F9 /* etc1_utils.c */,
				1819FE7B1DFC5AEA005D34F9 /* etc1_utils.h */,
				1819FE7C1DFC5AEA005D34F9 /* image_DXT.c */,
				1819FE7D1DFC5AEA005D34F9 /* image_DXT.h */,
				1819FE7E1DFC5AEA005D34F9 /* image_helper.c */,
				1819FE7F1DFC5AEA005D34F9 /* image_helper.h */,
				1819FE801DFC5AEA005D34F9 /* jo_jpeg.h */,
				1819FE811DFC5AEA005D34F9 /* pkm_helper.h */,
				1819FE821DFC5AEA005D34F9 /* pvr_helper.h */,
				1819FE831DFC5AEA005D34F9 /* SOIL2.c */,
				1819FE841DFC5AEA005D34F9 /* SOIL2.h */,
				1819FE851DFC5AEA005D34F9 /* stb_image.h */,
				1819FE861DFC5AEA005D34F9 /* stb_image_write.h */,
				1819FE871DFC5AEA005D34F9 /* stbi_DDS.h */,
				1819FE881DFC5AEA005D34F9 /* stbi_DDS_c.h */,
				1819FE891DFC5AEA005D34F9 /* stbi_ext.h */,
				1819FE8A1DFC5AEA005D34F9 /* stbi_ext_c.h */,
				1819FE8B1DFC5AEA005D34F9 /* stbi_pkm.h */,
				1819FE8C1DFC5AEA005D34F9 /* stbi_pkm_c.h */,
				1819FE8D1DFC5AEA005D34F9 /* stbi_pvr.h */,
				1819FE8E1DFC5AEA005D34F9 /* stbi_pvr_c.h */,
			);
			path = SOIL2;
			sourceTree = "<group>";
		};
		18FFFD951DFA96E50067C7BE = {
			isa = PBXGroup;
			children = (
				18FFFDA01DFA96E50067C7BE /* solaris_1 */,
				18FFFD9F1DFA96E50067C7BE /* Products */,
				18FFFDA81DFA979A0067C7BE /* Frameworks */,
			);
			sourceTree = "<group>";
		};
		18FFFD9F1DFA96E50067C7BE /* Products */ = {
			isa = PBXGroup;
			children = (
				18FFFD9E1DFA96E50067C7BE /* solaris_1 */,
			);
			name = Products;
			sourceTree = "<group>";
		};
		18FFFDA01DFA96E50067C7BE /* solaris_1 */ = {
			isa = PBXGroup;
			children = (
				1819FE791DFC5AEA005D34F9 /* SOIL2 */,
				18FFFDC01DFC58280067C7BE /* res */,
				18FFFDA11DFA96E50067C7BE /* main.cpp */,
				18FFFDB11DFBF6130067C7BE /* Shader.h */,
				189EF5001DFC918500D648E6 /* Camera.h */,
				189EF52E1DFF344D00D648E6 /* Mesh.h */,
			);
			path = solaris_1;
			sourceTree = "<group>";
		};
		18FFFDA81DFA979A0067C7BE /* Frameworks */ = {
			isa = PBXGroup;
			children = (
				189EF52F1DFF34B200D648E6 /* libassimp.3.3.1.dylib */,
				18FFFDAD1DFA98590067C7BE /* libglfw3.3.2.dylib */,
				18FFFDAB1DFA982F0067C7BE /* libGLEW.2.0.0.dylib */,
				18FFFDA91DFA979A0067C7BE /* OpenGL.framework */,
			);
			name = Frameworks;
			sourceTree = "<group>";
		};
/* End PBXGroup section */

/* Begin PBXNativeTarget section */
		18FFFD9D1DFA96E50067C7BE /* solaris_1 */ = {
			isa = PBXNativeTarget;
			buildConfigurationList = 18FFFDA51DFA96E50067C7BE /* Build configuration list for PBXNativeTarget "solaris_1" */;
			buildPhases = (
				18FFFD9A1DFA96E50067C7BE /* Sources */,
				18FFFD9B1DFA96E50067C7BE /* Frameworks */,
				18FFFD9C1DFA96E50067C7BE /* CopyFiles */,
				18FFFDB31DFBFF240067C7BE /* CopyFiles */,
			);
			buildRules = (
			);
			dependencies = (
			);
			name = solaris_1;
			productName = solaris_1;
			productReference = 18FFFD9E1DFA96E50067C7BE /* solaris_1 */;
			productType = "com.apple.product-type.tool";
		};
/* End PBXNativeTarget section */

/* Begin PBXProject section */
		18FFFD961DFA96E50067C7BE /* Project object */ = {
			isa = PBXProject;
			attributes = {
				LastUpgradeCheck = 0810;
				ORGANIZATIONNAME = apple;
				TargetAttributes = {
					18FFFD9D1DFA96E50067C7BE = {
						CreatedOnToolsVersion = 8.1;
						ProvisioningStyle = Automatic;
					};
				};
			};
			buildConfigurationList = 18FFFD991DFA96E50067C7BE /* Build configuration list for PBXProject "solaris_1" */;
			compatibilityVersion = "Xcode 3.2";
			developmentRegion = English;
			hasScannedForEncodings = 0;
			knownRegions = (
				en,
			);
			mainGroup = 18FFFD951DFA96E50067C7BE;
			productRefGroup = 18FFFD9F1DFA96E50067C7BE /* Products */;
			projectDirPath = "";
			projectRoot = "";
			targets = (
				18FFFD9D1DFA96E50067C7BE /* solaris_1 */,
			);
		};
/* End PBXProject section */

/* Begin PBXSourcesBuildPhase section */
		18FFFD9A1DFA96E50067C7BE /* Sources */ = {
			isa = PBXSourcesBuildPhase;
			buildActionMask = 2147483647;
			files = (
				1819FE8F1DFC5AEA005D34F9 /* etc1_utils.c in Sources */,
				1819FE911DFC5AEA005D34F9 /* image_helper.c in Sources */,
				18FFFDA21DFA96E50067C7BE /* main.cpp in Sources */,
				1819FE921DFC5AEA005D34F9 /* SOIL2.c in Sources */,
				1819FE901DFC5AEA005D34F9 /* image_DXT.c in Sources */,
			);
			runOnlyForDeploymentPostprocessing = 0;
		};
/* End PBXSourcesBuildPhase section */

/* Begin XCBuildConfiguration section */
		18FFFDA31DFA96E50067C7BE /* Debug */ = {
			isa = XCBuildConfiguration;
			buildSettings = {
				ALWAYS_SEARCH_USER_PATHS = NO;
				CLANG_ANALYZER_NONNULL = YES;
				CLANG_CXX_LANGUAGE_STANDARD = "gnu++0x";
				CLANG_CXX_LIBRARY = "libc++";
				CLANG_ENABLE_MODULES = YES;
				CLANG_ENABLE_OBJC_ARC = YES;
				CLANG_WARN_BOOL_CONVERSION = YES;
				CLANG_WARN_CONSTANT_CONVERSION = YES;
				CLANG_WARN_DIRECT_OBJC_ISA_USAGE = YES_ERROR;
				CLANG_WARN_DOCUMENTATION_COMMENTS = YES;
				CLANG_WARN_EMPTY_BODY = YES;
				CLANG_WARN_ENUM_CONVERSION = YES;
				CLANG_WARN_INFINITE_RECURSION = YES;
				CLANG_WARN_INT_CONVERSION = YES;
				CLANG_WARN_OBJC_ROOT_CLASS = YES_ERROR;
				CLANG_WARN_SUSPICIOUS_MOVES = YES;
				CLANG_WARN_UNREACHABLE_CODE = YES;
				CLANG_WARN__DUPLICATE_METHOD_MATCH = YES;
				CODE_SIGN_IDENTITY = "-";
				COPY_PHASE_STRIP = NO;
				DEBUG_INFORMATION_FORMAT = dwarf;
				ENABLE_STRICT_OBJC_MSGSEND = YES;
				ENABLE_TESTABILITY = YES;
				GCC_C_LANGUAGE_STANDARD = gnu99;
				GCC_DYNAMIC_NO_PIC = NO;
				GCC_NO_COMMON_BLOCKS = YES;
				GCC_OPTIMIZATION_LEVEL = 0;
				GCC_PREPROCESSOR_DEFINITIONS = (
					"DEBUG=1",
					"$(inherited)",
				);
				GCC_WARN_64_TO_32_BIT_CONVERSION = YES;
				GCC_WARN_ABOUT_RETURN_TYPE = YES_ERROR;
				GCC_WARN_UNDECLARED_SELECTOR = YES;
				GCC_WARN_UNINITIALIZED_AUTOS = YES_AGGRESSIVE;
				GCC_WARN_UNUSED_FUNCTION = YES;
				GCC_WARN_UNUSED_VARIABLE = YES;
				MACOSX_DEPLOYMENT_TARGET = 10.12;
				MTL_ENABLE_DEBUG_INFO = YES;
				ONLY_ACTIVE_ARCH = YES;
				SDKROOT = macosx;
			};
			name = Debug;
		};
		18FFFDA41DFA96E50067C7BE /* Release */ = {
			isa = XCBuildConfiguration;
			buildSettings = {
				ALWAYS_SEARCH_USER_PATHS = NO;
				CLANG_ANALYZER_NONNULL = YES;
				CLANG_CXX_LANGUAGE_STANDARD = "gnu++0x";
				CLANG_CXX_LIBRARY = "libc++";
				CLANG_ENABLE_MODULES = YES;
				CLANG_ENABLE_OBJC_ARC = YES;
				CLANG_WARN_BOOL_CONVERSION = YES;
				CLANG_WARN_CONSTANT_CONVERSION = YES;
				CLANG_WARN_DIRECT_OBJC_ISA_USAGE = YES_ERROR;
				CLANG_WARN_DOCUMENTATION_COMMENTS = YES;
				CLANG_WARN_EMPTY_BODY = YES;
				CLANG_WARN_ENUM_CONVERSION = YES;
				CLANG_WARN_INFINITE_RECURSION = YES;
				CLANG_WARN_INT_CONVERSION = YES;
				CLANG_WARN_OBJC_ROOT_CLASS = YES_ERROR;
				CLANG_WARN_SUSPICIOUS_MOVES = YES;
				CLANG_WARN_UNREACHABLE_CODE = YES;
				CLANG_WARN__DUPLICATE_METHOD_MATCH = YES;
				CODE_SIGN_IDENTITY = "-";
				COPY_PHASE_STRIP = NO;
				DEBUG_INFORMATION_FORMAT = "dwarf-with-dsym";
				ENABLE_NS_ASSERTIONS = NO;
				ENABLE_STRICT_OBJC_MSGSEND = YES;
				GCC_C_LANGUAGE_STANDARD = gnu99;
				GCC_NO_COMMON_BLOCKS = YES;
				GCC_WARN_64_TO_32_BIT_CONVERSION = YES;
				GCC_WARN_ABOUT_RETURN_TYPE = YES_ERROR;
				GCC_WARN_UNDECLARED_SELECTOR = YES;
				GCC_WARN_UNINITIALIZED_AUTOS = YES_AGGRESSIVE;
				GCC_WARN_UNUSED_FUNCTION = YES;
				GCC_WARN_UNUSED_VARIABLE = YES;
				MACOSX_DEPLOYMENT_TARGET = 10.12;
				MTL_ENABLE_DEBUG_INFO = NO;
				SDKROOT = macosx;
			};
			name = Release;
		};
		18FFFDA61DFA96E50067C7BE /* Debug */ = {
			isa = XCBuildConfiguration;
			buildSettings = {
				HEADER_SEARCH_PATHS = (
					/usr/local/Cellar/glfw/3.2.1/include,
					/usr/local/include,
					usr/local/Cellar/glm/0.9.8.3/include,
					/usr/local/Cellar/assimp/3.3.1/include,
				);
				LIBRARY_SEARCH_PATHS = (
					"$(inherited)",
					/usr/local/Cellar/glew/2.0.0/lib,
					/usr/local/Cellar/glfw/3.2.1/lib,
					/usr/local/Cellar/assimp/3.3.1/lib,
				);
				PRODUCT_NAME = "$(TARGET_NAME)";
			};
			name = Debug;
		};
		18FFFDA71DFA96E50067C7BE /* Release */ = {
			isa = XCBuildConfiguration;
			buildSettings = {
				HEADER_SEARCH_PATHS = (
					/usr/local/Cellar/glfw/3.2.1/include,
					/usr/local/include,
					usr/local/Cellar/glm/0.9.8.3/include,
					/usr/local/Cellar/assimp/3.3.1/include,
				);
				LIBRARY_SEARCH_PATHS = (
					"$(inherited)",
					/usr/local/Cellar/glew/2.0.0/lib,
					/usr/local/Cellar/glfw/3.2.1/lib,
					/usr/local/Cellar/assimp/3.3.1/lib,
				);
				PRODUCT_NAME = "$(TARGET_NAME)";
			};
			name = Release;
		};
/* End XCBuildConfiguration section */

/* Begin XCConfigurationList section */
		18FFFD991DFA96E50067C7BE /* Build configuration list for PBXProject "solaris_1" */ = {
			isa = XCConfigurationList;
			buildConfigurations = (
				18FFFDA31DFA96E50067C7BE /* Debug */,
				18FFFDA41DFA96E50067C7BE /* Release */,
			);
			defaultConfigurationIsVisible = 0;
			defaultConfigurationName = Release;
		};
		18FFFDA51DFA96E50067C7BE /* Build configuration list for PBXNativeTarget "solaris_1" */ = {
			isa = XCConfigurationList;
			buildConfigurations = (
				18FFFDA61DFA96E50067C7BE /* Debug */,
				18FFFDA71DFA96E50067C7BE /* Release */,
			);
			defaultConfigurationIsVisible = 0;
			defaultConfigurationName = Release;
		};
/* End XCConfigurationList section */
	};
	rootObject = 18FFFD961DFA96E50067C7BE /* Project object */;
}
